// !$*UTF8*$!
{
	archiveVersion = 1;
	classes = {
	};
	objectVersion = 46;
	objects = {

/* Begin PBXBuildFile section */
		4E5465911918567400EFD83E /* TempMonitorAppetiteTableViewController.m in Sources */ = {isa = PBXBuildFile; fileRef = 4E5465901918567400EFD83E /* TempMonitorAppetiteTableViewController.m */; };
		4E78C92019027ED6005C1A16 /* Foundation.framework in Frameworks */ = {isa = PBXBuildFile; fileRef = 4E78C91F19027ED6005C1A16 /* Foundation.framework */; };
		4E78C92219027ED6005C1A16 /* CoreGraphics.framework in Frameworks */ = {isa = PBXBuildFile; fileRef = 4E78C92119027ED6005C1A16 /* CoreGraphics.framework */; };
		4E78C92419027ED6005C1A16 /* UIKit.framework in Frameworks */ = {isa = PBXBuildFile; fileRef = 4E78C92319027ED6005C1A16 /* UIKit.framework */; };
		4E78C92A19027ED6005C1A16 /* InfoPlist.strings in Resources */ = {isa = PBXBuildFile; fileRef = 4E78C92819027ED6005C1A16 /* InfoPlist.strings */; };
		4E78C92C19027ED6005C1A16 /* main.m in Sources */ = {isa = PBXBuildFile; fileRef = 4E78C92B19027ED6005C1A16 /* main.m */; };
		4E78C93019027ED6005C1A16 /* TempMonitorAppDelegate.m in Sources */ = {isa = PBXBuildFile; fileRef = 4E78C92F19027ED6005C1A16 /* TempMonitorAppDelegate.m */; };
		4E78C93319027ED6005C1A16 /* Main_iPhone.storyboard in Resources */ = {isa = PBXBuildFile; fileRef = 4E78C93119027ED6005C1A16 /* Main_iPhone.storyboard */; };
		4E78C93619027ED6005C1A16 /* Main_iPad.storyboard in Resources */ = {isa = PBXBuildFile; fileRef = 4E78C93419027ED6005C1A16 /* Main_iPad.storyboard */; };
		4E78C93919027ED6005C1A16 /* TempMonitorViewController.m in Sources */ = {isa = PBXBuildFile; fileRef = 4E78C93819027ED6005C1A16 /* TempMonitorViewController.m */; };
		4E78C93B19027ED6005C1A16 /* Images.xcassets in Resources */ = {isa = PBXBuildFile; fileRef = 4E78C93A19027ED6005C1A16 /* Images.xcassets */; };
		4E78C94219027ED7005C1A16 /* XCTest.framework in Frameworks */ = {isa = PBXBuildFile; fileRef = 4E78C94119027ED7005C1A16 /* XCTest.framework */; };
		4E78C94319027ED7005C1A16 /* Foundation.framework in Frameworks */ = {isa = PBXBuildFile; fileRef = 4E78C91F19027ED6005C1A16 /* Foundation.framework */; };
		4E78C94419027ED7005C1A16 /* UIKit.framework in Frameworks */ = {isa = PBXBuildFile; fileRef = 4E78C92319027ED6005C1A16 /* UIKit.framework */; };
		4E78C94C19027ED7005C1A16 /* InfoPlist.strings in Resources */ = {isa = PBXBuildFile; fileRef = 4E78C94A19027ED7005C1A16 /* InfoPlist.strings */; };
		4E78C94E19027ED7005C1A16 /* TempMonitorTests.m in Sources */ = {isa = PBXBuildFile; fileRef = 4E78C94D19027ED7005C1A16 /* TempMonitorTests.m */; };
		4EA688EE1908CE410003A923 /* concernViewController.m in Sources */ = {isa = PBXBuildFile; fileRef = 4EA688ED1908CE410003A923 /* concernViewController.m */; };
		4EA688F11908CE530003A923 /* tempViewController.m in Sources */ = {isa = PBXBuildFile; fileRef = 4EA688F01908CE530003A923 /* tempViewController.m */; };
		4EA688F41908CE7F0003A923 /* VideoMonitorViewController.m in Sources */ = {isa = PBXBuildFile; fileRef = 4EA688F31908CE7F0003A923 /* VideoMonitorViewController.m */; };
		4EA688F71908CE960003A923 /* symptomsViewController.m in Sources */ = {isa = PBXBuildFile; fileRef = 4EA688F61908CE960003A923 /* symptomsViewController.m */; };
		4EA688FA1908CEA60003A923 /* MedicationViewController.m in Sources */ = {isa = PBXBuildFile; fileRef = 4EA688F91908CEA60003A923 /* MedicationViewController.m */; };
		4EA689031908CF3F0003A923 /* AppetiteViewController.m in Sources */ = {isa = PBXBuildFile; fileRef = 4EA689021908CF3F0003A923 /* AppetiteViewController.m */; };
		4EA6890C1908D0900003A923 /* HistoryViewController.m in Sources */ = {isa = PBXBuildFile; fileRef = 4EA6890B1908D0900003A923 /* HistoryViewController.m */; };
		4EA6890F1909213A0003A923 /* ProfileViewController.m in Sources */ = {isa = PBXBuildFile; fileRef = 4EA6890E1909213A0003A923 /* ProfileViewController.m */; };
		4EA689121909214F0003A923 /* AddProfileViewController.m in Sources */ = {isa = PBXBuildFile; fileRef = 4EA689111909214F0003A923 /* AddProfileViewController.m */; };
		4EE458621917943A0049D3AC /* TempMonitorMedicationTableViewController.m in Sources */ = {isa = PBXBuildFile; fileRef = 4EE458611917943A0049D3AC /* TempMonitorMedicationTableViewController.m */; };
		4EE45865191794B20049D3AC /* TempMonitorSymptomsTableViewController.m in Sources */ = {isa = PBXBuildFile; fileRef = 4EE45864191794B20049D3AC /* TempMonitorSymptomsTableViewController.m */; };
		4EE45868191795C10049D3AC /* TempMonitorHistoryTableViewController.m in Sources */ = {isa = PBXBuildFile; fileRef = 4EE45867191795C10049D3AC /* TempMonitorHistoryTableViewController.m */; };
		4EE4586B19179DA80049D3AC /* TempMonitorVideoTableViewController.m in Sources */ = {isa = PBXBuildFile; fileRef = 4EE4586A19179DA80049D3AC /* TempMonitorVideoTableViewController.m */; };
		4EE4586E19179E190049D3AC /* TempMonitorBirthdayTableViewController.m in Sources */ = {isa = PBXBuildFile; fileRef = 4EE4586D19179E190049D3AC /* TempMonitorBirthdayTableViewController.m */; };
		4EE4587119179EA20049D3AC /* TempMonitor.xcdatamodeld in Sources */ = {isa = PBXBuildFile; fileRef = 4EE4586F19179EA20049D3AC /* TempMonitor.xcdatamodeld */; };
/* End PBXBuildFile section */

/* Begin PBXContainerItemProxy section */
		4E78C94519027ED7005C1A16 /* PBXContainerItemProxy */ = {
			isa = PBXContainerItemProxy;
			containerPortal = 4E78C91419027ED6005C1A16 /* Project object */;
			proxyType = 1;
			remoteGlobalIDString = 4E78C91B19027ED6005C1A16;
			remoteInfo = TempMonitor;
		};
/* End PBXContainerItemProxy section */

/* Begin PBXFileReference section */
		4E54658F1918567400EFD83E /* TempMonitorAppetiteTableViewController.h */ = {isa = PBXFileReference; fileEncoding = 4; lastKnownFileType = sourcecode.c.h; path = TempMonitorAppetiteTableViewController.h; sourceTree = "<group>"; };
		4E5465901918567400EFD83E /* TempMonitorAppetiteTableViewController.m */ = {isa = PBXFileReference; fileEncoding = 4; lastKnownFileType = sourcecode.c.objc; path = TempMonitorAppetiteTableViewController.m; sourceTree = "<group>"; };
		4E78C91C19027ED6005C1A16 /* TempMonitor.app */ = {isa = PBXFileReference; explicitFileType = wrapper.application; includeInIndex = 0; path = TempMonitor.app; sourceTree = BUILT_PRODUCTS_DIR; };
		4E78C91F19027ED6005C1A16 /* Foundation.framework */ = {isa = PBXFileReference; lastKnownFileType = wrapper.framework; name = Foundation.framework; path = System/Library/Frameworks/Foundation.framework; sourceTree = SDKROOT; };
		4E78C92119027ED6005C1A16 /* CoreGraphics.framework */ = {isa = PBXFileReference; lastKnownFileType = wrapper.framework; name = CoreGraphics.framework; path = System/Library/Frameworks/CoreGraphics.framework; sourceTree = SDKROOT; };
		4E78C92319027ED6005C1A16 /* UIKit.framework */ = {isa = PBXFileReference; lastKnownFileType = wrapper.framework; name = UIKit.framework; path = System/Library/Frameworks/UIKit.framework; sourceTree = SDKROOT; };
		4E78C92719027ED6005C1A16 /* TempMonitor-Info.plist */ = {isa = PBXFileReference; lastKnownFileType = text.plist.xml; path = "TempMonitor-Info.plist"; sourceTree = "<group>"; };
		4E78C92919027ED6005C1A16 /* en */ = {isa = PBXFileReference; lastKnownFileType = text.plist.strings; name = en; path = en.lproj/InfoPlist.strings; sourceTree = "<group>"; };
		4E78C92B19027ED6005C1A16 /* main.m */ = {isa = PBXFileReference; lastKnownFileType = sourcecode.c.objc; path = main.m; sourceTree = "<group>"; };
		4E78C92D19027ED6005C1A16 /* TempMonitor-Prefix.pch */ = {isa = PBXFileReference; lastKnownFileType = sourcecode.c.h; path = "TempMonitor-Prefix.pch"; sourceTree = "<group>"; };
		4E78C92E19027ED6005C1A16 /* TempMonitorAppDelegate.h */ = {isa = PBXFileReference; lastKnownFileType = sourcecode.c.h; path = TempMonitorAppDelegate.h; sourceTree = "<group>"; };
		4E78C92F19027ED6005C1A16 /* TempMonitorAppDelegate.m */ = {isa = PBXFileReference; lastKnownFileType = sourcecode.c.objc; path = TempMonitorAppDelegate.m; sourceTree = "<group>"; };
		4E78C93219027ED6005C1A16 /* Base */ = {isa = PBXFileReference; lastKnownFileType = file.storyboard; name = Base; path = Base.lproj/Main_iPhone.storyboard; sourceTree = "<group>"; };
		4E78C93519027ED6005C1A16 /* Base */ = {isa = PBXFileReference; lastKnownFileType = file.storyboard; name = Base; path = Base.lproj/Main_iPad.storyboard; sourceTree = "<group>"; };
		4E78C93719027ED6005C1A16 /* TempMonitorViewController.h */ = {isa = PBXFileReference; lastKnownFileType = sourcecode.c.h; path = TempMonitorViewController.h; sourceTree = "<group>"; };
		4E78C93819027ED6005C1A16 /* TempMonitorViewController.m */ = {isa = PBXFileReference; lastKnownFileType = sourcecode.c.objc; path = TempMonitorViewController.m; sourceTree = "<group>"; };
		4E78C93A19027ED6005C1A16 /* Images.xcassets */ = {isa = PBXFileReference; lastKnownFileType = folder.assetcatalog; path = Images.xcassets; sourceTree = "<group>"; };
		4E78C94019027ED7005C1A16 /* TempMonitorTests.xctest */ = {isa = PBXFileReference; explicitFileType = wrapper.cfbundle; includeInIndex = 0; path = TempMonitorTests.xctest; sourceTree = BUILT_PRODUCTS_DIR; };
		4E78C94119027ED7005C1A16 /* XCTest.framework */ = {isa = PBXFileReference; lastKnownFileType = wrapper.framework; name = XCTest.framework; path = Library/Frameworks/XCTest.framework; sourceTree = DEVELOPER_DIR; };
		4E78C94919027ED7005C1A16 /* TempMonitorTests-Info.plist */ = {isa = PBXFileReference; lastKnownFileType = text.plist.xml; path = "TempMonitorTests-Info.plist"; sourceTree = "<group>"; };
		4E78C94B19027ED7005C1A16 /* en */ = {isa = PBXFileReference; lastKnownFileType = text.plist.strings; name = en; path = en.lproj/InfoPlist.strings; sourceTree = "<group>"; };
		4E78C94D19027ED7005C1A16 /* TempMonitorTests.m */ = {isa = PBXFileReference; lastKnownFileType = sourcecode.c.objc; path = TempMonitorTests.m; sourceTree = "<group>"; };
		4EA688EC1908CE410003A923 /* concernViewController.h */ = {isa = PBXFileReference; fileEncoding = 4; lastKnownFileType = sourcecode.c.h; path = concernViewController.h; sourceTree = "<group>"; };
		4EA688ED1908CE410003A923 /* concernViewController.m */ = {isa = PBXFileReference; fileEncoding = 4; lastKnownFileType = sourcecode.c.objc; path = concernViewController.m; sourceTree = "<group>"; };
		4EA688EF1908CE530003A923 /* tempViewController.h */ = {isa = PBXFileReference; fileEncoding = 4; lastKnownFileType = sourcecode.c.h; path = tempViewController.h; sourceTree = "<group>"; };
		4EA688F01908CE530003A923 /* tempViewController.m */ = {isa = PBXFileReference; fileEncoding = 4; lastKnownFileType = sourcecode.c.objc; path = tempViewController.m; sourceTree = "<group>"; };
		4EA688F21908CE7F0003A923 /* VideoMonitorViewController.h */ = {isa = PBXFileReference; fileEncoding = 4; lastKnownFileType = sourcecode.c.h; path = VideoMonitorViewController.h; sourceTree = "<group>"; };
		4EA688F31908CE7F0003A923 /* VideoMonitorViewController.m */ = {isa = PBXFileReference; fileEncoding = 4; lastKnownFileType = sourcecode.c.objc; path = VideoMonitorViewController.m; sourceTree = "<group>"; };
		4EA688F51908CE960003A923 /* symptomsViewController.h */ = {isa = PBXFileReference; fileEncoding = 4; lastKnownFileType = sourcecode.c.h; path = symptomsViewController.h; sourceTree = "<group>"; };
		4EA688F61908CE960003A923 /* symptomsViewController.m */ = {isa = PBXFileReference; fileEncoding = 4; lastKnownFileType = sourcecode.c.objc; path = symptomsViewController.m; sourceTree = "<group>"; };
		4EA688F81908CEA60003A923 /* MedicationViewController.h */ = {isa = PBXFileReference; fileEncoding = 4; lastKnownFileType = sourcecode.c.h; path = MedicationViewController.h; sourceTree = "<group>"; };
		4EA688F91908CEA60003A923 /* MedicationViewController.m */ = {isa = PBXFileReference; fileEncoding = 4; lastKnownFileType = sourcecode.c.objc; path = MedicationViewController.m; sourceTree = "<group>"; };
		4EA689011908CF3F0003A923 /* AppetiteViewController.h */ = {isa = PBXFileReference; fileEncoding = 4; lastKnownFileType = sourcecode.c.h; path = AppetiteViewController.h; sourceTree = "<group>"; };
		4EA689021908CF3F0003A923 /* AppetiteViewController.m */ = {isa = PBXFileReference; fileEncoding = 4; lastKnownFileType = sourcecode.c.objc; path = AppetiteViewController.m; sourceTree = "<group>"; };
		4EA6890A1908D0900003A923 /* HistoryViewController.h */ = {isa = PBXFileReference; fileEncoding = 4; lastKnownFileType = sourcecode.c.h; path = HistoryViewController.h; sourceTree = "<group>"; };
		4EA6890B1908D0900003A923 /* HistoryViewController.m */ = {isa = PBXFileReference; fileEncoding = 4; lastKnownFileType = sourcecode.c.objc; path = HistoryViewController.m; sourceTree = "<group>"; };
		4EA6890D190921390003A923 /* ProfileViewController.h */ = {isa = PBXFileReference; fileEncoding = 4; lastKnownFileType = sourcecode.c.h; path = ProfileViewController.h; sourceTree = "<group>"; };
		4EA6890E1909213A0003A923 /* ProfileViewController.m */ = {isa = PBXFileReference; fileEncoding = 4; lastKnownFileType = sourcecode.c.objc; path = ProfileViewController.m; sourceTree = "<group>"; };
		4EA689101909214F0003A923 /* AddProfileViewController.h */ = {isa = PBXFileReference; fileEncoding = 4; lastKnownFileType = sourcecode.c.h; path = AddProfileViewController.h; sourceTree = "<group>"; };
		4EA689111909214F0003A923 /* AddProfileViewController.m */ = {isa = PBXFileReference; fileEncoding = 4; lastKnownFileType = sourcecode.c.objc; path = AddProfileViewController.m; sourceTree = "<group>"; };
		4EE458601917943A0049D3AC /* TempMonitorMedicationTableViewController.h */ = {isa = PBXFileReference; fileEncoding = 4; lastKnownFileType = sourcecode.c.h; path = TempMonitorMedicationTableViewController.h; sourceTree = "<group>"; };
		4EE458611917943A0049D3AC /* TempMonitorMedicationTableViewController.m */ = {isa = PBXFileReference; fileEncoding = 4; lastKnownFileType = sourcecode.c.objc; path = TempMonitorMedicationTableViewController.m; sourceTree = "<group>"; };
		4EE45863191794B20049D3AC /* TempMonitorSymptomsTableViewController.h */ = {isa = PBXFileReference; fileEncoding = 4; lastKnownFileType = sourcecode.c.h; path = TempMonitorSymptomsTableViewController.h; sourceTree = "<group>"; };
		4EE45864191794B20049D3AC /* TempMonitorSymptomsTableViewController.m */ = {isa = PBXFileReference; fileEncoding = 4; lastKnownFileType = sourcecode.c.objc; path = TempMonitorSymptomsTableViewController.m; sourceTree = "<group>"; };
		4EE45866191795C10049D3AC /* TempMonitorHistoryTableViewController.h */ = {isa = PBXFileReference; fileEncoding = 4; lastKnownFileType = sourcecode.c.h; path = TempMonitorHistoryTableViewController.h; sourceTree = "<group>"; };
		4EE45867191795C10049D3AC /* TempMonitorHistoryTableViewController.m */ = {isa = PBXFileReference; fileEncoding = 4; lastKnownFileType = sourcecode.c.objc; path = TempMonitorHistoryTableViewController.m; sourceTree = "<group>"; };
		4EE4586919179DA80049D3AC /* TempMonitorVideoTableViewController.h */ = {isa = PBXFileReference; fileEncoding = 4; lastKnownFileType = sourcecode.c.h; path = TempMonitorVideoTableViewController.h; sourceTree = "<group>"; };
		4EE4586A19179DA80049D3AC /* TempMonitorVideoTableViewController.m */ = {isa = PBXFileReference; fileEncoding = 4; lastKnownFileType = sourcecode.c.objc; path = TempMonitorVideoTableViewController.m; sourceTree = "<group>"; };
		4EE4586C19179E190049D3AC /* TempMonitorBirthdayTableViewController.h */ = {isa = PBXFileReference; fileEncoding = 4; lastKnownFileType = sourcecode.c.h; path = TempMonitorBirthdayTableViewController.h; sourceTree = "<group>"; };
		4EE4586D19179E190049D3AC /* TempMonitorBirthdayTableViewController.m */ = {isa = PBXFileReference; fileEncoding = 4; lastKnownFileType = sourcecode.c.objc; path = TempMonitorBirthdayTableViewController.m; sourceTree = "<group>"; };
		4EE4587019179EA20049D3AC /* TempMonitor.xcdatamodel */ = {isa = PBXFileReference; lastKnownFileType = wrapper.xcdatamodel; path = TempMonitor.xcdatamodel; sourceTree = "<group>"; };
/* End PBXFileReference section */

/* Begin PBXFrameworksBuildPhase section */
		4E78C91919027ED6005C1A16 /* Frameworks */ = {
			isa = PBXFrameworksBuildPhase;
			buildActionMask = 2147483647;
			files = (
				4E78C92219027ED6005C1A16 /* CoreGraphics.framework in Frameworks */,
				4E78C92419027ED6005C1A16 /* UIKit.framework in Frameworks */,
				4E78C92019027ED6005C1A16 /* Foundation.framework in Frameworks */,
			);
			runOnlyForDeploymentPostprocessing = 0;
		};
		4E78C93D19027ED7005C1A16 /* Frameworks */ = {
			isa = PBXFrameworksBuildPhase;
			buildActionMask = 2147483647;
			files = (
				4E78C94219027ED7005C1A16 /* XCTest.framework in Frameworks */,
				4E78C94419027ED7005C1A16 /* UIKit.framework in Frameworks */,
				4E78C94319027ED7005C1A16 /* Foundation.framework in Frameworks */,
			);
			runOnlyForDeploymentPostprocessing = 0;
		};
/* End PBXFrameworksBuildPhase section */

/* Begin PBXGroup section */
		4E78C91319027ED6005C1A16 = {
			isa = PBXGroup;
			children = (
				4EE4585C191792AA0049D3AC /* Detail Views */,
				4EA689101909214F0003A923 /* AddProfileViewController.h */,
				4EA689111909214F0003A923 /* AddProfileViewController.m */,
				4EA6890D190921390003A923 /* ProfileViewController.h */,
				4EA6890E1909213A0003A923 /* ProfileViewController.m */,
				4EA6890A1908D0900003A923 /* HistoryViewController.h */,
				4EA6890B1908D0900003A923 /* HistoryViewController.m */,
				4EA689011908CF3F0003A923 /* AppetiteViewController.h */,
				4EA689021908CF3F0003A923 /* AppetiteViewController.m */,
				4EA688F81908CEA60003A923 /* MedicationViewController.h */,
				4EA688F91908CEA60003A923 /* MedicationViewController.m */,
				4EA688F51908CE960003A923 /* symptomsViewController.h */,
				4EA688F61908CE960003A923 /* symptomsViewController.m */,
				4EA688F21908CE7F0003A923 /* VideoMonitorViewController.h */,
				4EA688F31908CE7F0003A923 /* VideoMonitorViewController.m */,
				4EA688EF1908CE530003A923 /* tempViewController.h */,
				4EA688F01908CE530003A923 /* tempViewController.m */,
				4EA688EC1908CE410003A923 /* concernViewController.h */,
				4EA688ED1908CE410003A923 /* concernViewController.m */,
				4E78C92519027ED6005C1A16 /* TempMonitor */,
				4E78C94719027ED7005C1A16 /* TempMonitorTests */,
				4E78C91E19027ED6005C1A16 /* Frameworks */,
				4E78C91D19027ED6005C1A16 /* Products */,
			);
			sourceTree = "<group>";
		};
		4E78C91D19027ED6005C1A16 /* Products */ = {
			isa = PBXGroup;
			children = (
				4E78C91C19027ED6005C1A16 /* TempMonitor.app */,
				4E78C94019027ED7005C1A16 /* TempMonitorTests.xctest */,
			);
			name = Products;
			sourceTree = "<group>";
		};
		4E78C91E19027ED6005C1A16 /* Frameworks */ = {
			isa = PBXGroup;
			children = (
				4E78C91F19027ED6005C1A16 /* Foundation.framework */,
				4E78C92119027ED6005C1A16 /* CoreGraphics.framework */,
				4E78C92319027ED6005C1A16 /* UIKit.framework */,
				4E78C94119027ED7005C1A16 /* XCTest.framework */,
			);
			name = Frameworks;
			sourceTree = "<group>";
		};
		4E78C92519027ED6005C1A16 /* TempMonitor */ = {
			isa = PBXGroup;
			children = (
				4E78C92E19027ED6005C1A16 /* TempMonitorAppDelegate.h */,
				4E78C92F19027ED6005C1A16 /* TempMonitorAppDelegate.m */,
				4E78C93119027ED6005C1A16 /* Main_iPhone.storyboard */,
				4E78C93419027ED6005C1A16 /* Main_iPad.storyboard */,
				4E78C93719027ED6005C1A16 /* TempMonitorViewController.h */,
				4E78C93819027ED6005C1A16 /* TempMonitorViewController.m */,
				4E78C93A19027ED6005C1A16 /* Images.xcassets */,
				4EE4586F19179EA20049D3AC /* TempMonitor.xcdatamodeld */,
				4E78C92619027ED6005C1A16 /* Supporting Files */,
			);
			path = TempMonitor;
			sourceTree = "<group>";
		};
		4E78C92619027ED6005C1A16 /* Supporting Files */ = {
			isa = PBXGroup;
			children = (
				4E78C92719027ED6005C1A16 /* TempMonitor-Info.plist */,
				4E78C92819027ED6005C1A16 /* InfoPlist.strings */,
				4E78C92B19027ED6005C1A16 /* main.m */,
				4E78C92D19027ED6005C1A16 /* TempMonitor-Prefix.pch */,
			);
			name = "Supporting Files";
			sourceTree = "<group>";
		};
		4E78C94719027ED7005C1A16 /* TempMonitorTests */ = {
			isa = PBXGroup;
			children = (
				4E78C94D19027ED7005C1A16 /* TempMonitorTests.m */,
				4E78C94819027ED7005C1A16 /* Supporting Files */,
			);
			path = TempMonitorTests;
			sourceTree = "<group>";
		};
		4E78C94819027ED7005C1A16 /* Supporting Files */ = {
			isa = PBXGroup;
			children = (
				4E78C94919027ED7005C1A16 /* TempMonitorTests-Info.plist */,
				4E78C94A19027ED7005C1A16 /* InfoPlist.strings */,
			);
			name = "Supporting Files";
			sourceTree = "<group>";
		};
		4EE4585C191792AA0049D3AC /* Detail Views */ = {
			isa = PBXGroup;
			children = (
				4E54658F1918567400EFD83E /* TempMonitorAppetiteTableViewController.h */,
				4E5465901918567400EFD83E /* TempMonitorAppetiteTableViewController.m */,
				4EE458601917943A0049D3AC /* TempMonitorMedicationTableViewController.h */,
				4EE458611917943A0049D3AC /* TempMonitorMedicationTableViewController.m */,
				4EE45863191794B20049D3AC /* TempMonitorSymptomsTableViewController.h */,
				4EE45864191794B20049D3AC /* TempMonitorSymptomsTableViewController.m */,
				4EE45866191795C10049D3AC /* TempMonitorHistoryTableViewController.h */,
				4EE45867191795C10049D3AC /* TempMonitorHistoryTableViewController.m */,
				4EE4586919179DA80049D3AC /* TempMonitorVideoTableViewController.h */,
				4EE4586A19179DA80049D3AC /* TempMonitorVideoTableViewController.m */,
				4EE4586C19179E190049D3AC /* TempMonitorBirthdayTableViewController.h */,
				4EE4586D19179E190049D3AC /* TempMonitorBirthdayTableViewController.m */,
			);
			name = "Detail Views";
			sourceTree = "<group>";
		};
/* End PBXGroup section */

/* Begin PBXNativeTarget section */
		4E78C91B19027ED6005C1A16 /* TempMonitor */ = {
			isa = PBXNativeTarget;
			buildConfigurationList = 4E78C95119027ED7005C1A16 /* Build configuration list for PBXNativeTarget "TempMonitor" */;
			buildPhases = (
				4E78C91819027ED6005C1A16 /* Sources */,
				4E78C91919027ED6005C1A16 /* Frameworks */,
				4E78C91A19027ED6005C1A16 /* Resources */,
			);
			buildRules = (
			);
			dependencies = (
			);
			name = TempMonitor;
			productName = TempMonitor;
			productReference = 4E78C91C19027ED6005C1A16 /* TempMonitor.app */;
			productType = "com.apple.product-type.application";
		};
		4E78C93F19027ED7005C1A16 /* TempMonitorTests */ = {
			isa = PBXNativeTarget;
			buildConfigurationList = 4E78C95419027ED7005C1A16 /* Build configuration list for PBXNativeTarget "TempMonitorTests" */;
			buildPhases = (
				4E78C93C19027ED7005C1A16 /* Sources */,
				4E78C93D19027ED7005C1A16 /* Frameworks */,
				4E78C93E19027ED7005C1A16 /* Resources */,
			);
			buildRules = (
			);
			dependencies = (
				4E78C94619027ED7005C1A16 /* PBXTargetDependency */,
			);
			name = TempMonitorTests;
			productName = TempMonitorTests;
			productReference = 4E78C94019027ED7005C1A16 /* TempMonitorTests.xctest */;
			productType = "com.apple.product-type.bundle.unit-test";
		};
/* End PBXNativeTarget section */

/* Begin PBXProject section */
		4E78C91419027ED6005C1A16 /* Project object */ = {
			isa = PBXProject;
			attributes = {
				CLASSPREFIX = TempMonitor;
				LastUpgradeCheck = 0510;
				ORGANIZATIONNAME = "Sarah Esunis";
				TargetAttributes = {
					4E78C93F19027ED7005C1A16 = {
						TestTargetID = 4E78C91B19027ED6005C1A16;
					};
				};
			};
			buildConfigurationList = 4E78C91719027ED6005C1A16 /* Build configuration list for PBXProject "TempMonitor" */;
			compatibilityVersion = "Xcode 3.2";
			developmentRegion = English;
			hasScannedForEncodings = 0;
			knownRegions = (
				en,
				Base,
			);
			mainGroup = 4E78C91319027ED6005C1A16;
			productRefGroup = 4E78C91D19027ED6005C1A16 /* Products */;
			projectDirPath = "";
			projectRoot = "";
			targets = (
				4E78C91B19027ED6005C1A16 /* TempMonitor */,
				4E78C93F19027ED7005C1A16 /* TempMonitorTests */,
			);
		};
/* End PBXProject section */

/* Begin PBXResourcesBuildPhase section */
		4E78C91A19027ED6005C1A16 /* Resources */ = {
			isa = PBXResourcesBuildPhase;
			buildActionMask = 2147483647;
			files = (
				4E78C93619027ED6005C1A16 /* Main_iPad.storyboard in Resources */,
				4E78C93B19027ED6005C1A16 /* Images.xcassets in Resources */,
				4E78C93319027ED6005C1A16 /* Main_iPhone.storyboard in Resources */,
				4E78C92A19027ED6005C1A16 /* InfoPlist.strings in Resources */,
			);
			runOnlyForDeploymentPostprocessing = 0;
		};
		4E78C93E19027ED7005C1A16 /* Resources */ = {
			isa = PBXResourcesBuildPhase;
			buildActionMask = 2147483647;
			files = (
				4E78C94C19027ED7005C1A16 /* InfoPlist.strings in Resources */,
			);
			runOnlyForDeploymentPostprocessing = 0;
		};
/* End PBXResourcesBuildPhase section */

/* Begin PBXSourcesBuildPhase section */
		4E78C91819027ED6005C1A16 /* Sources */ = {
			isa = PBXSourcesBuildPhase;
			buildActionMask = 2147483647;
			files = (
				4EA689031908CF3F0003A923 /* AppetiteViewController.m in Sources */,
				4EA688F11908CE530003A923 /* tempViewController.m in Sources */,
				4EE4586B19179DA80049D3AC /* TempMonitorVideoTableViewController.m in Sources */,
				4EA688FA1908CEA60003A923 /* MedicationViewController.m in Sources */,
				4EA689121909214F0003A923 /* AddProfileViewController.m in Sources */,
				4EA6890F1909213A0003A923 /* ProfileViewController.m in Sources */,
				4E78C92C19027ED6005C1A16 /* main.m in Sources */,
				4E5465911918567400EFD83E /* TempMonitorAppetiteTableViewController.m in Sources */,
				4EE4587119179EA20049D3AC /* TempMonitor.xcdatamodeld in Sources */,
				4EA688EE1908CE410003A923 /* concernViewController.m in Sources */,
				4EA6890C1908D0900003A923 /* HistoryViewController.m in Sources */,
				4EE45868191795C10049D3AC /* TempMonitorHistoryTableViewController.m in Sources */,
				4EA688F71908CE960003A923 /* symptomsViewController.m in Sources */,
				4EE45865191794B20049D3AC /* TempMonitorSymptomsTableViewController.m in Sources */,
				4EA688F41908CE7F0003A923 /* VideoMonitorViewController.m in Sources */,
				4EE458621917943A0049D3AC /* TempMonitorMedicationTableViewController.m in Sources */,
				4EE4586E19179E190049D3AC /* TempMonitorBirthdayTableViewController.m in Sources */,
				4E78C93019027ED6005C1A16 /* TempMonitorAppDelegate.m in Sources */,
				4E78C93919027ED6005C1A16 /* TempMonitorViewController.m in Sources */,
			);
			runOnlyForDeploymentPostprocessing = 0;
		};
		4E78C93C19027ED7005C1A16 /* Sources */ = {
			isa = PBXSourcesBuildPhase;
			buildActionMask = 2147483647;
			files = (
				4E78C94E19027ED7005C1A16 /* TempMonitorTests.m in Sources */,
			);
			runOnlyForDeploymentPostprocessing = 0;
		};
/* End PBXSourcesBuildPhase section */

/* Begin PBXTargetDependency section */
		4E78C94619027ED7005C1A16 /* PBXTargetDependency */ = {
			isa = PBXTargetDependency;
			target = 4E78C91B19027ED6005C1A16 /* TempMonitor */;
			targetProxy = 4E78C94519027ED7005C1A16 /* PBXContainerItemProxy */;
		};
/* End PBXTargetDependency section */

/* Begin PBXVariantGroup section */
		4E78C92819027ED6005C1A16 /* InfoPlist.strings */ = {
			isa = PBXVariantGroup;
			children = (
				4E78C92919027ED6005C1A16 /* en */,
			);
			name = InfoPlist.strings;
			sourceTree = "<group>";
		};
		4E78C93119027ED6005C1A16 /* Main_iPhone.storyboard */ = {
			isa = PBXVariantGroup;
			children = (
				4E78C93219027ED6005C1A16 /* Base */,
			);
			name = Main_iPhone.storyboard;
			sourceTree = "<group>";
		};
		4E78C93419027ED6005C1A16 /* Main_iPad.storyboard */ = {
			isa = PBXVariantGroup;
			children = (
				4E78C93519027ED6005C1A16 /* Base */,
			);
			name = Main_iPad.storyboard;
			sourceTree = "<group>";
		};
		4E78C94A19027ED7005C1A16 /* InfoPlist.strings */ = {
			isa = PBXVariantGroup;
			children = (
				4E78C94B19027ED7005C1A16 /* en */,
			);
			name = InfoPlist.strings;
			sourceTree = "<group>";
		};
/* End PBXVariantGroup section */

/* Begin XCBuildConfiguration section */
		4E78C94F19027ED7005C1A16 /* Debug */ = {
			isa = XCBuildConfiguration;
			buildSettings = {
				ALWAYS_SEARCH_USER_PATHS = NO;
				CLANG_CXX_LANGUAGE_STANDARD = "gnu++0x";
				CLANG_CXX_LIBRARY = "libc++";
				CLANG_ENABLE_MODULES = YES;
				CLANG_ENABLE_OBJC_ARC = YES;
				CLANG_WARN_BOOL_CONVERSION = YES;
				CLANG_WARN_CONSTANT_CONVERSION = YES;
				CLANG_WARN_DIRECT_OBJC_ISA_USAGE = YES_ERROR;
				CLANG_WARN_EMPTY_BODY = YES;
				CLANG_WARN_ENUM_CONVERSION = YES;
				CLANG_WARN_INT_CONVERSION = YES;
				CLANG_WARN_OBJC_ROOT_CLASS = YES_ERROR;
				CLANG_WARN__DUPLICATE_METHOD_MATCH = YES;
				"CODE_SIGN_IDENTITY[sdk=iphoneos*]" = "iPhone Developer";
				COPY_PHASE_STRIP = NO;
				GCC_C_LANGUAGE_STANDARD = gnu99;
				GCC_DYNAMIC_NO_PIC = NO;
				GCC_OPTIMIZATION_LEVEL = 0;
				GCC_PREPROCESSOR_DEFINITIONS = (
					"DEBUG=1",
					"$(inherited)",
				);
				GCC_SYMBOLS_PRIVATE_EXTERN = NO;
				GCC_WARN_64_TO_32_BIT_CONVERSION = YES;
				GCC_WARN_ABOUT_RETURN_TYPE = YES_ERROR;
				GCC_WARN_UNDECLARED_SELECTOR = YES;
				GCC_WARN_UNINITIALIZED_AUTOS = YES_AGGRESSIVE;
				GCC_WARN_UNUSED_FUNCTION = YES;
				GCC_WARN_UNUSED_VARIABLE = YES;
				IPHONEOS_DEPLOYMENT_TARGET = 7.1;
				ONLY_ACTIVE_ARCH = YES;
				SDKROOT = iphoneos;
				TARGETED_DEVICE_FAMILY = "1,2";
			};
			name = Debug;
		};
		4E78C95019027ED7005C1A16 /* Release */ = {
			isa = XCBuildConfiguration;
			buildSettings = {
				ALWAYS_SEARCH_USER_PATHS = NO;
				CLANG_CXX_LANGUAGE_STANDARD = "gnu++0x";
				CLANG_CXX_LIBRARY = "libc++";
				CLANG_ENABLE_MODULES = YES;
				CLANG_ENABLE_OBJC_ARC = YES;
				CLANG_WARN_BOOL_CONVERSION = YES;
				CLANG_WARN_CONSTANT_CONVERSION = YES;
				CLANG_WARN_DIRECT_OBJC_ISA_USAGE = YES_ERROR;
				CLANG_WARN_EMPTY_BODY = YES;
				CLANG_WARN_ENUM_CONVERSION = YES;
				CLANG_WARN_INT_CONVERSION = YES;
				CLANG_WARN_OBJC_ROOT_CLASS = YES_ERROR;
				CLANG_WARN__DUPLICATE_METHOD_MATCH = YES;
				"CODE_SIGN_IDENTITY[sdk=iphoneos*]" = "iPhone Developer";
				COPY_PHASE_STRIP = YES;
				ENABLE_NS_ASSERTIONS = NO;
				GCC_C_LANGUAGE_STANDARD = gnu99;
				GCC_WARN_64_TO_32_BIT_CONVERSION = YES;
				GCC_WARN_ABOUT_RETURN_TYPE = YES_ERROR;
				GCC_WARN_UNDECLARED_SELECTOR = YES;
				GCC_WARN_UNINITIALIZED_AUTOS = YES_AGGRESSIVE;
				GCC_WARN_UNUSED_FUNCTION = YES;
				GCC_WARN_UNUSED_VARIABLE = YES;
				IPHONEOS_DEPLOYMENT_TARGET = 7.1;
				SDKROOT = iphoneos;
				TARGETED_DEVICE_FAMILY = "1,2";
				VALIDATE_PRODUCT = YES;
			};
			name = Release;
		};
		4E78C95219027ED7005C1A16 /* Debug */ = {
			isa = XCBuildConfiguration;
			buildSettings = {
				ASSETCATALOG_COMPILER_APPICON_NAME = AppIcon;
				ASSETCATALOG_COMPILER_LAUNCHIMAGE_NAME = LaunchImage;
				GCC_PRECOMPILE_PREFIX_HEADER = YES;
				GCC_PREFIX_HEADER = "TempMonitor/TempMonitor-Prefix.pch";
				INFOPLIST_FILE = "TempMonitor/TempMonitor-Info.plist";
				PRODUCT_NAME = "$(TARGET_NAME)";
				WRAPPER_EXTENSION = app;
			};
			name = Debug;
		};
		4E78C95319027ED7005C1A16 /* Release */ = {
			isa = XCBuildConfiguration;
			buildSettings = {
				ASSETCATALOG_COMPILER_APPICON_NAME = AppIcon;
				ASSETCATALOG_COMPILER_LAUNCHIMAGE_NAME = LaunchImage;
				GCC_PRECOMPILE_PREFIX_HEADER = YES;
				GCC_PREFIX_HEADER = "TempMonitor/TempMonitor-Prefix.pch";
				INFOPLIST_FILE = "TempMonitor/TempMonitor-Info.plist";
				PRODUCT_NAME = "$(TARGET_NAME)";
				WRAPPER_EXTENSION = app;
			};
			name = Release;
		};
		4E78C95519027ED7005C1A16 /* Debug */ = {
			isa = XCBuildConfiguration;
			buildSettings = {
				BUNDLE_LOADER = "$(BUILT_PRODUCTS_DIR)/TempMonitor.app/TempMonitor";
				FRAMEWORK_SEARCH_PATHS = (
					"$(SDKROOT)/Developer/Library/Frameworks",
					"$(inherited)",
					"$(DEVELOPER_FRAMEWORKS_DIR)",
				);
				GCC_PRECOMPILE_PREFIX_HEADER = YES;
				GCC_PREFIX_HEADER = "TempMonitor/TempMonitor-Prefix.pch";
				GCC_PREPROCESSOR_DEFINITIONS = (
					"DEBUG=1",
					"$(inherited)",
				);
				INFOPLIST_FILE = "TempMonitorTests/TempMonitorTests-Info.plist";
				PRODUCT_NAME = "$(TARGET_NAME)";
				TEST_HOST = "$(BUNDLE_LOADER)";
				WRAPPER_EXTENSION = xctest;
			};
			name = Debug;
		};
		4E78C95619027ED7005C1A16 /* Release */ = {
			isa = XCBuildConfiguration;
			buildSettings = {
				BUNDLE_LOADER = "$(BUILT_PRODUCTS_DIR)/TempMonitor.app/TempMonitor";
				FRAMEWORK_SEARCH_PATHS = (
					"$(SDKROOT)/Developer/Library/Frameworks",
					"$(inherited)",
					"$(DEVELOPER_FRAMEWORKS_DIR)",
				);
				GCC_PRECOMPILE_PREFIX_HEADER = YES;
				GCC_PREFIX_HEADER = "TempMonitor/TempMonitor-Prefix.pch";
				INFOPLIST_FILE = "TempMonitorTests/TempMonitorTests-Info.plist";
				PRODUCT_NAME = "$(TARGET_NAME)";
				TEST_HOST = "$(BUNDLE_LOADER)";
				WRAPPER_EXTENSION = xctest;
			};
			name = Release;
		};
/* End XCBuildConfiguration section */

/* Begin XCConfigurationList section */
		4E78C91719027ED6005C1A16 /* Build configuration list for PBXProject "TempMonitor" */ = {
			isa = XCConfigurationList;
			buildConfigurations = (
				4E78C94F19027ED7005C1A16 /* Debug */,
				4E78C95019027ED7005C1A16 /* Release */,
			);
			defaultConfigurationIsVisible = 0;
			defaultConfigurationName = Release;
		};
		4E78C95119027ED7005C1A16 /* Build configuration list for PBXNativeTarget "TempMonitor" */ = {
			isa = XCConfigurationList;
			buildConfigurations = (
				4E78C95219027ED7005C1A16 /* Debug */,
				4E78C95319027ED7005C1A16 /* Release */,
			);
			defaultConfigurationIsVisible = 0;
			defaultConfigurationName = Release;
		};
		4E78C95419027ED7005C1A16 /* Build configuration list for PBXNativeTarget "TempMonitorTests" */ = {
			isa = XCConfigurationList;
			buildConfigurations = (
				4E78C95519027ED7005C1A16 /* Debug */,
				4E78C95619027ED7005C1A16 /* Release */,
			);
			defaultConfigurationIsVisible = 0;
			defaultConfigurationName = Release;
		};
/* End XCConfigurationList section */

/* Begin XCVersionGroup section */
		4EE4586F19179EA20049D3AC /* TempMonitor.xcdatamodeld */ = {
			isa = XCVersionGroup;
			children = (
				4EE4587019179EA20049D3AC /* TempMonitor.xcdatamodel */,
			);
			currentVersion = 4EE4587019179EA20049D3AC /* TempMonitor.xcdatamodel */;
			path = TempMonitor.xcdatamodeld;
			sourceTree = "<group>";
			versionGroupType = wrapper.xcdatamodel;
		};
/* End XCVersionGroup section */
	};
	rootObject = 4E78C91419027ED6005C1A16 /* Project object */;
}
